// !$*UTF8*$!
{
	archiveVersion = 1;
	classes = {
	};
	objectVersion = 56;
	objects = {

/* Begin PBXBuildFile section */
		346D87622BD2B58000E7A0BE /* SpotifyHomeView.swift in Sources */ = {isa = PBXBuildFile; fileRef = 346D87612BD2B58000E7A0BE /* SpotifyHomeView.swift */; };
		346D87642BD2B94B00E7A0BE /* SpotifyCategoryCell.swift in Sources */ = {isa = PBXBuildFile; fileRef = 346D87632BD2B94B00E7A0BE /* SpotifyCategoryCell.swift */; };
		346D87672BD2BDA600E7A0BE /* Category.swift in Sources */ = {isa = PBXBuildFile; fileRef = 346D87662BD2BDA600E7A0BE /* Category.swift */; };
		346D87692BD3392600E7A0BE /* SpotifyRecentsCell.swift in Sources */ = {isa = PBXBuildFile; fileRef = 346D87682BD3392600E7A0BE /* SpotifyRecentsCell.swift */; };
		346D876B2BD3415600E7A0BE /* SpotifyNewReleaseCell.swift in Sources */ = {isa = PBXBuildFile; fileRef = 346D876A2BD3415600E7A0BE /* SpotifyNewReleaseCell.swift */; };
		346D876E2BD37EB700E7A0BE /* ImageTitleRowCell.swift in Sources */ = {isa = PBXBuildFile; fileRef = 346D876D2BD37EB700E7A0BE /* ImageTitleRowCell.swift */; };
		34709CFA2BD1702200A6062A /* RebuildSpotifyUIApp.swift in Sources */ = {isa = PBXBuildFile; fileRef = 34709CF92BD1702200A6062A /* RebuildSpotifyUIApp.swift */; };
		34709CFC2BD1702200A6062A /* ContentView.swift in Sources */ = {isa = PBXBuildFile; fileRef = 34709CFB2BD1702200A6062A /* ContentView.swift */; };
		34709CFE2BD1702300A6062A /* Assets.xcassets in Resources */ = {isa = PBXBuildFile; fileRef = 34709CFD2BD1702300A6062A /* Assets.xcassets */; };
		34709D012BD1702300A6062A /* Preview Assets.xcassets in Resources */ = {isa = PBXBuildFile; fileRef = 34709D002BD1702300A6062A /* Preview Assets.xcassets */; };
		34FB29DD2BD171B800147E6E /* SDWebImageSwiftUI in Frameworks */ = {isa = PBXBuildFile; productRef = 34FB29DC2BD171B800147E6E /* SDWebImageSwiftUI */; };
		34FB29E02BD1720A00147E6E /* ImageLoaderView.swift in Sources */ = {isa = PBXBuildFile; fileRef = 34FB29DF2BD1720A00147E6E /* ImageLoaderView.swift */; };
		34FB29E22BD1730100147E6E /* Constants.swift in Sources */ = {isa = PBXBuildFile; fileRef = 34FB29E12BD1730100147E6E /* Constants.swift */; };
		34FB29E42BD1763900147E6E /* DatabaseHelper.swift in Sources */ = {isa = PBXBuildFile; fileRef = 34FB29E32BD1763900147E6E /* DatabaseHelper.swift */; };
		34FB29E62BD17A1E00147E6E /* Product.swift in Sources */ = {isa = PBXBuildFile; fileRef = 34FB29E52BD17A1E00147E6E /* Product.swift */; };
		34FB29E82BD17A3E00147E6E /* User.swift in Sources */ = {isa = PBXBuildFile; fileRef = 34FB29E72BD17A3E00147E6E /* User.swift */; };
		34FB29EB2BD17CBF00147E6E /* SwiftfulUI in Frameworks */ = {isa = PBXBuildFile; productRef = 34FB29EA2BD17CBF00147E6E /* SwiftfulUI */; };
		34FB29EE2BD17CFC00147E6E /* SwiftfulRouting in Frameworks */ = {isa = PBXBuildFile; productRef = 34FB29ED2BD17CFC00147E6E /* SwiftfulRouting */; };
/* End PBXBuildFile section */

/* Begin PBXFileReference section */
		346D87612BD2B58000E7A0BE /* SpotifyHomeView.swift */ = {isa = PBXFileReference; lastKnownFileType = sourcecode.swift; path = SpotifyHomeView.swift; sourceTree = "<group>"; };
		346D87632BD2B94B00E7A0BE /* SpotifyCategoryCell.swift */ = {isa = PBXFileReference; lastKnownFileType = sourcecode.swift; path = SpotifyCategoryCell.swift; sourceTree = "<group>"; };
		346D87662BD2BDA600E7A0BE /* Category.swift */ = {isa = PBXFileReference; lastKnownFileType = sourcecode.swift; path = Category.swift; sourceTree = "<group>"; };
		346D87682BD3392600E7A0BE /* SpotifyRecentsCell.swift */ = {isa = PBXFileReference; lastKnownFileType = sourcecode.swift; path = SpotifyRecentsCell.swift; sourceTree = "<group>"; };
		346D876A2BD3415600E7A0BE /* SpotifyNewReleaseCell.swift */ = {isa = PBXFileReference; lastKnownFileType = sourcecode.swift; path = SpotifyNewReleaseCell.swift; sourceTree = "<group>"; };
		346D876D2BD37EB700E7A0BE /* ImageTitleRowCell.swift */ = {isa = PBXFileReference; lastKnownFileType = sourcecode.swift; path = ImageTitleRowCell.swift; sourceTree = "<group>"; };
		34709CF62BD1702200A6062A /* RebuildSpotifyUI.app */ = {isa = PBXFileReference; explicitFileType = wrapper.application; includeInIndex = 0; path = RebuildSpotifyUI.app; sourceTree = BUILT_PRODUCTS_DIR; };
		34709CF92BD1702200A6062A /* RebuildSpotifyUIApp.swift */ = {isa = PBXFileReference; lastKnownFileType = sourcecode.swift; path = RebuildSpotifyUIApp.swift; sourceTree = "<group>"; };
		34709CFB2BD1702200A6062A /* ContentView.swift */ = {isa = PBXFileReference; lastKnownFileType = sourcecode.swift; path = ContentView.swift; sourceTree = "<group>"; };
		34709CFD2BD1702300A6062A /* Assets.xcassets */ = {isa = PBXFileReference; lastKnownFileType = folder.assetcatalog; path = Assets.xcassets; sourceTree = "<group>"; };
		34709D002BD1702300A6062A /* Preview Assets.xcassets */ = {isa = PBXFileReference; lastKnownFileType = folder.assetcatalog; path = "Preview Assets.xcassets"; sourceTree = "<group>"; };
		34FB29DF2BD1720A00147E6E /* ImageLoaderView.swift */ = {isa = PBXFileReference; lastKnownFileType = sourcecode.swift; path = ImageLoaderView.swift; sourceTree = "<group>"; };
		34FB29E12BD1730100147E6E /* Constants.swift */ = {isa = PBXFileReference; lastKnownFileType = sourcecode.swift; path = Constants.swift; sourceTree = "<group>"; };
		34FB29E32BD1763900147E6E /* DatabaseHelper.swift */ = {isa = PBXFileReference; lastKnownFileType = sourcecode.swift; path = DatabaseHelper.swift; sourceTree = "<group>"; };
		34FB29E52BD17A1E00147E6E /* Product.swift */ = {isa = PBXFileReference; lastKnownFileType = sourcecode.swift; path = Product.swift; sourceTree = "<group>"; };
		34FB29E72BD17A3E00147E6E /* User.swift */ = {isa = PBXFileReference; lastKnownFileType = sourcecode.swift; path = User.swift; sourceTree = "<group>"; };
/* End PBXFileReference section */

/* Begin PBXFrameworksBuildPhase section */
		34709CF32BD1702200A6062A /* Frameworks */ = {
			isa = PBXFrameworksBuildPhase;
			buildActionMask = 2147483647;
			files = (
				34FB29EB2BD17CBF00147E6E /* SwiftfulUI in Frameworks */,
				34FB29EE2BD17CFC00147E6E /* SwiftfulRouting in Frameworks */,
				34FB29DD2BD171B800147E6E /* SDWebImageSwiftUI in Frameworks */,
			);
			runOnlyForDeploymentPostprocessing = 0;
		};
/* End PBXFrameworksBuildPhase section */

/* Begin PBXGroup section */
		346D875E2BD2B53100E7A0BE /* Spotify */ = {
			isa = PBXGroup;
			children = (
				346D87652BD2BD8F00E7A0BE /* Models */,
				346D87602BD2B55B00E7A0BE /* Components */,
				346D875F2BD2B54000E7A0BE /* Core */,
			);
			path = Spotify;
			sourceTree = "<group>";
		};
		346D875F2BD2B54000E7A0BE /* Core */ = {
			isa = PBXGroup;
			children = (
				346D87612BD2B58000E7A0BE /* SpotifyHomeView.swift */,
			);
			path = Core;
			sourceTree = "<group>";
		};
		346D87602BD2B55B00E7A0BE /* Components */ = {
			isa = PBXGroup;
			children = (
				346D87632BD2B94B00E7A0BE /* SpotifyCategoryCell.swift */,
				346D87682BD3392600E7A0BE /* SpotifyRecentsCell.swift */,
				346D876A2BD3415600E7A0BE /* SpotifyNewReleaseCell.swift */,
				346D876D2BD37EB700E7A0BE /* ImageTitleRowCell.swift */,
			);
			path = Components;
			sourceTree = "<group>";
		};
		346D87652BD2BD8F00E7A0BE /* Models */ = {
			isa = PBXGroup;
			children = (
				346D87662BD2BDA600E7A0BE /* Category.swift */,
			);
			path = Models;
			sourceTree = "<group>";
		};
		34709CED2BD1702200A6062A = {
			isa = PBXGroup;
			children = (
				34709CF82BD1702200A6062A /* RebuildSpotifyUI */,
				34709CF72BD1702200A6062A /* Products */,
			);
			sourceTree = "<group>";
		};
		34709CF72BD1702200A6062A /* Products */ = {
			isa = PBXGroup;
			children = (
				34709CF62BD1702200A6062A /* RebuildSpotifyUI.app */,
			);
			name = Products;
			sourceTree = "<group>";
		};
		34709CF82BD1702200A6062A /* RebuildSpotifyUI */ = {
			isa = PBXGroup;
			children = (
				34709CF92BD1702200A6062A /* RebuildSpotifyUIApp.swift */,
				34709CFB2BD1702200A6062A /* ContentView.swift */,
				346D875E2BD2B53100E7A0BE /* Spotify */,
				34FB29DE2BD171DD00147E6E /* Shared */,
				34709CFD2BD1702300A6062A /* Assets.xcassets */,
				34709CFF2BD1702300A6062A /* Preview Content */,
			);
			path = RebuildSpotifyUI;
			sourceTree = "<group>";
		};
		34709CFF2BD1702300A6062A /* Preview Content */ = {
			isa = PBXGroup;
			children = (
				34709D002BD1702300A6062A /* Preview Assets.xcassets */,
			);
			path = "Preview Content";
			sourceTree = "<group>";
		};
		34FB29DE2BD171DD00147E6E /* Shared */ = {
			isa = PBXGroup;
			children = (
				34FB29DF2BD1720A00147E6E /* ImageLoaderView.swift */,
				34FB29E32BD1763900147E6E /* DatabaseHelper.swift */,
				34FB29E12BD1730100147E6E /* Constants.swift */,
				34FB29E52BD17A1E00147E6E /* Product.swift */,
				34FB29E72BD17A3E00147E6E /* User.swift */,
			);
			path = Shared;
			sourceTree = "<group>";
		};
/* End PBXGroup section */

/* Begin PBXNativeTarget section */
		34709CF52BD1702200A6062A /* RebuildSpotifyUI */ = {
			isa = PBXNativeTarget;
			buildConfigurationList = 34709D042BD1702300A6062A /* Build configuration list for PBXNativeTarget "RebuildSpotifyUI" */;
			buildPhases = (
				34709CF22BD1702200A6062A /* Sources */,
				34709CF32BD1702200A6062A /* Frameworks */,
				34709CF42BD1702200A6062A /* Resources */,
			);
			buildRules = (
			);
			dependencies = (
			);
			name = RebuildSpotifyUI;
			packageProductDependencies = (
				34FB29DC2BD171B800147E6E /* SDWebImageSwiftUI */,
				34FB29EA2BD17CBF00147E6E /* SwiftfulUI */,
				34FB29ED2BD17CFC00147E6E /* SwiftfulRouting */,
			);
			productName = RebuildSpotifyUI;
			productReference = 34709CF62BD1702200A6062A /* RebuildSpotifyUI.app */;
			productType = "com.apple.product-type.application";
		};
/* End PBXNativeTarget section */

/* Begin PBXProject section */
		34709CEE2BD1702200A6062A /* Project object */ = {
			isa = PBXProject;
			attributes = {
				BuildIndependentTargetsInParallel = 1;
				LastSwiftUpdateCheck = 1530;
				LastUpgradeCheck = 1530;
				TargetAttributes = {
					34709CF52BD1702200A6062A = {
						CreatedOnToolsVersion = 15.3;
					};
				};
			};
			buildConfigurationList = 34709CF12BD1702200A6062A /* Build configuration list for PBXProject "RebuildSpotifyUI" */;
			compatibilityVersion = "Xcode 14.0";
			developmentRegion = en;
			hasScannedForEncodings = 0;
			knownRegions = (
				en,
				Base,
			);
			mainGroup = 34709CED2BD1702200A6062A;
			packageReferences = (
				34FB29DB2BD171B800147E6E /* XCRemoteSwiftPackageReference "SDWebImageSwiftUI" */,
				34FB29E92BD17CBF00147E6E /* XCRemoteSwiftPackageReference "SwiftfulUI" */,
				34FB29EC2BD17CFC00147E6E /* XCRemoteSwiftPackageReference "SwiftfulRouting" */,
			);
			productRefGroup = 34709CF72BD1702200A6062A /* Products */;
			projectDirPath = "";
			projectRoot = "";
			targets = (
				34709CF52BD1702200A6062A /* RebuildSpotifyUI */,
			);
		};
/* End PBXProject section */

/* Begin PBXResourcesBuildPhase section */
		34709CF42BD1702200A6062A /* Resources */ = {
			isa = PBXResourcesBuildPhase;
			buildActionMask = 2147483647;
			files = (
				34709D012BD1702300A6062A /* Preview Assets.xcassets in Resources */,
				34709CFE2BD1702300A6062A /* Assets.xcassets in Resources */,
			);
			runOnlyForDeploymentPostprocessing = 0;
		};
/* End PBXResourcesBuildPhase section */

/* Begin PBXSourcesBuildPhase section */
		34709CF22BD1702200A6062A /* Sources */ = {
			isa = PBXSourcesBuildPhase;
			buildActionMask = 2147483647;
			files = (
				34FB29E02BD1720A00147E6E /* ImageLoaderView.swift in Sources */,
				346D87672BD2BDA600E7A0BE /* Category.swift in Sources */,
				346D87642BD2B94B00E7A0BE /* SpotifyCategoryCell.swift in Sources */,
				346D876B2BD3415600E7A0BE /* SpotifyNewReleaseCell.swift in Sources */,
				34FB29E42BD1763900147E6E /* DatabaseHelper.swift in Sources */,
				346D87622BD2B58000E7A0BE /* SpotifyHomeView.swift in Sources */,
				346D876E2BD37EB700E7A0BE /* ImageTitleRowCell.swift in Sources */,
				34709CFC2BD1702200A6062A /* ContentView.swift in Sources */,
				34709CFA2BD1702200A6062A /* RebuildSpotifyUIApp.swift in Sources */,
				34FB29E22BD1730100147E6E /* Constants.swift in Sources */,
				346D87692BD3392600E7A0BE /* SpotifyRecentsCell.swift in Sources */,
				34FB29E62BD17A1E00147E6E /* Product.swift in Sources */,
				34FB29E82BD17A3E00147E6E /* User.swift in Sources */,
			);
			runOnlyForDeploymentPostprocessing = 0;
		};
/* End PBXSourcesBuildPhase section */

/* Begin XCBuildConfiguration section */
		34709D022BD1702300A6062A /* Debug */ = {
			isa = XCBuildConfiguration;
			buildSettings = {
				ALWAYS_SEARCH_USER_PATHS = NO;
				ASSETCATALOG_COMPILER_GENERATE_SWIFT_ASSET_SYMBOL_EXTENSIONS = YES;
				CLANG_ANALYZER_NONNULL = YES;
				CLANG_ANALYZER_NUMBER_OBJECT_CONVERSION = YES_AGGRESSIVE;
				CLANG_CXX_LANGUAGE_STANDARD = "gnu++20";
				CLANG_ENABLE_MODULES = YES;
				CLANG_ENABLE_OBJC_ARC = YES;
				CLANG_ENABLE_OBJC_WEAK = YES;
				CLANG_WARN_BLOCK_CAPTURE_AUTORELEASING = YES;
				CLANG_WARN_BOOL_CONVERSION = YES;
				CLANG_WARN_COMMA = YES;
				CLANG_WARN_CONSTANT_CONVERSION = YES;
				CLANG_WARN_DEPRECATED_OBJC_IMPLEMENTATIONS = YES;
				CLANG_WARN_DIRECT_OBJC_ISA_USAGE = YES_ERROR;
				CLANG_WARN_DOCUMENTATION_COMMENTS = YES;
				CLANG_WARN_EMPTY_BODY = YES;
				CLANG_WARN_ENUM_CONVERSION = YES;
				CLANG_WARN_INFINITE_RECURSION = YES;
				CLANG_WARN_INT_CONVERSION = YES;
				CLANG_WARN_NON_LITERAL_NULL_CONVERSION = YES;
				CLANG_WARN_OBJC_IMPLICIT_RETAIN_SELF = YES;
				CLANG_WARN_OBJC_LITERAL_CONVERSION = YES;
				CLANG_WARN_OBJC_ROOT_CLASS = YES_ERROR;
				CLANG_WARN_QUOTED_INCLUDE_IN_FRAMEWORK_HEADER = YES;
				CLANG_WARN_RANGE_LOOP_ANALYSIS = YES;
				CLANG_WARN_STRICT_PROTOTYPES = YES;
				CLANG_WARN_SUSPICIOUS_MOVE = YES;
				CLANG_WARN_UNGUARDED_AVAILABILITY = YES_AGGRESSIVE;
				CLANG_WARN_UNREACHABLE_CODE = YES;
				CLANG_WARN__DUPLICATE_METHOD_MATCH = YES;
				COPY_PHASE_STRIP = NO;
				DEBUG_INFORMATION_FORMAT = dwarf;
				ENABLE_STRICT_OBJC_MSGSEND = YES;
				ENABLE_TESTABILITY = YES;
				ENABLE_USER_SCRIPT_SANDBOXING = YES;
				GCC_C_LANGUAGE_STANDARD = gnu17;
				GCC_DYNAMIC_NO_PIC = NO;
				GCC_NO_COMMON_BLOCKS = YES;
				GCC_OPTIMIZATION_LEVEL = 0;
				GCC_PREPROCESSOR_DEFINITIONS = (
					"DEBUG=1",
					"$(inherited)",
				);
				GCC_WARN_64_TO_32_BIT_CONVERSION = YES;
				GCC_WARN_ABOUT_RETURN_TYPE = YES_ERROR;
				GCC_WARN_UNDECLARED_SELECTOR = YES;
				GCC_WARN_UNINITIALIZED_AUTOS = YES_AGGRESSIVE;
				GCC_WARN_UNUSED_FUNCTION = YES;
				GCC_WARN_UNUSED_VARIABLE = YES;
				IPHONEOS_DEPLOYMENT_TARGET = 17.4;
				LOCALIZATION_PREFERS_STRING_CATALOGS = YES;
				MTL_ENABLE_DEBUG_INFO = INCLUDE_SOURCE;
				MTL_FAST_MATH = YES;
				ONLY_ACTIVE_ARCH = YES;
				SDKROOT = iphoneos;
				SWIFT_ACTIVE_COMPILATION_CONDITIONS = "DEBUG $(inherited)";
				SWIFT_OPTIMIZATION_LEVEL = "-Onone";
			};
			name = Debug;
		};
		34709D032BD1702300A6062A /* Release */ = {
			isa = XCBuildConfiguration;
			buildSettings = {
				ALWAYS_SEARCH_USER_PATHS = NO;
				ASSETCATALOG_COMPILER_GENERATE_SWIFT_ASSET_SYMBOL_EXTENSIONS = YES;
				CLANG_ANALYZER_NONNULL = YES;
				CLANG_ANALYZER_NUMBER_OBJECT_CONVERSION = YES_AGGRESSIVE;
				CLANG_CXX_LANGUAGE_STANDARD = "gnu++20";
				CLANG_ENABLE_MODULES = YES;
				CLANG_ENABLE_OBJC_ARC = YES;
				CLANG_ENABLE_OBJC_WEAK = YES;
				CLANG_WARN_BLOCK_CAPTURE_AUTORELEASING = YES;
				CLANG_WARN_BOOL_CONVERSION = YES;
				CLANG_WARN_COMMA = YES;
				CLANG_WARN_CONSTANT_CONVERSION = YES;
				CLANG_WARN_DEPRECATED_OBJC_IMPLEMENTATIONS = YES;
				CLANG_WARN_DIRECT_OBJC_ISA_USAGE = YES_ERROR;
				CLANG_WARN_DOCUMENTATION_COMMENTS = YES;
				CLANG_WARN_EMPTY_BODY = YES;
				CLANG_WARN_ENUM_CONVERSION = YES;
				CLANG_WARN_INFINITE_RECURSION = YES;
				CLANG_WARN_INT_CONVERSION = YES;
				CLANG_WARN_NON_LITERAL_NULL_CONVERSION = YES;
				CLANG_WARN_OBJC_IMPLICIT_RETAIN_SELF = YES;
				CLANG_WARN_OBJC_LITERAL_CONVERSION = YES;
				CLANG_WARN_OBJC_ROOT_CLASS = YES_ERROR;
				CLANG_WARN_QUOTED_INCLUDE_IN_FRAMEWORK_HEADER = YES;
				CLANG_WARN_RANGE_LOOP_ANALYSIS = YES;
				CLANG_WARN_STRICT_PROTOTYPES = YES;
				CLANG_WARN_SUSPICIOUS_MOVE = YES;
				CLANG_WARN_UNGUARDED_AVAILABILITY = YES_AGGRESSIVE;
				CLANG_WARN_UNREACHABLE_CODE = YES;
				CLANG_WARN__DUPLICATE_METHOD_MATCH = YES;
				COPY_PHASE_STRIP = NO;
				DEBUG_INFORMATION_FORMAT = "dwarf-with-dsym";
				ENABLE_NS_ASSERTIONS = NO;
				ENABLE_STRICT_OBJC_MSGSEND = YES;
				ENABLE_USER_SCRIPT_SANDBOXING = YES;
				GCC_C_LANGUAGE_STANDARD = gnu17;
				GCC_NO_COMMON_BLOCKS = YES;
				GCC_WARN_64_TO_32_BIT_CONVERSION = YES;
				GCC_WARN_ABOUT_RETURN_TYPE = YES_ERROR;
				GCC_WARN_UNDECLARED_SELECTOR = YES;
				GCC_WARN_UNINITIALIZED_AUTOS = YES_AGGRESSIVE;
				GCC_WARN_UNUSED_FUNCTION = YES;
				GCC_WARN_UNUSED_VARIABLE = YES;
				IPHONEOS_DEPLOYMENT_TARGET = 17.4;
				LOCALIZATION_PREFERS_STRING_CATALOGS = YES;
				MTL_ENABLE_DEBUG_INFO = NO;
				MTL_FAST_MATH = YES;
				SDKROOT = iphoneos;
				SWIFT_COMPILATION_MODE = wholemodule;
				VALIDATE_PRODUCT = YES;
			};
			name = Release;
		};
		34709D052BD1702300A6062A /* Debug */ = {
			isa = XCBuildConfiguration;
			buildSettings = {
				ASSETCATALOG_COMPILER_APPICON_NAME = AppIcon;
				ASSETCATALOG_COMPILER_GLOBAL_ACCENT_COLOR_NAME = AccentColor;
				CODE_SIGN_STYLE = Automatic;
				CURRENT_PROJECT_VERSION = 1;
				DEVELOPMENT_ASSET_PATHS = "\"RebuildSpotifyUI/Preview Content\"";
				DEVELOPMENT_TEAM = 3SHX8BTP8F;
				ENABLE_PREVIEWS = YES;
				GENERATE_INFOPLIST_FILE = YES;
				INFOPLIST_KEY_UIApplicationSceneManifest_Generation = YES;
				INFOPLIST_KEY_UIApplicationSupportsIndirectInputEvents = YES;
				INFOPLIST_KEY_UILaunchScreen_Generation = YES;
				INFOPLIST_KEY_UISupportedInterfaceOrientations_iPad = "UIInterfaceOrientationPortrait UIInterfaceOrientationPortraitUpsideDown UIInterfaceOrientationLandscapeLeft UIInterfaceOrientationLandscapeRight";
				INFOPLIST_KEY_UISupportedInterfaceOrientations_iPhone = "UIInterfaceOrientationPortrait UIInterfaceOrientationLandscapeLeft UIInterfaceOrientationLandscapeRight";
				IPHONEOS_DEPLOYMENT_TARGET = 17.0;
				LD_RUNPATH_SEARCH_PATHS = (
					"$(inherited)",
					"@executable_path/Frameworks",
				);
				MARKETING_VERSION = 1.0;
				PRODUCT_BUNDLE_IDENTIFIER = com.chinhng.RebuildSpotifyUI;
				PRODUCT_NAME = "$(TARGET_NAME)";
				SWIFT_EMIT_LOC_STRINGS = YES;
				SWIFT_VERSION = 5.0;
				TARGETED_DEVICE_FAMILY = "1,2";
			};
			name = Debug;
		};
		34709D062BD1702300A6062A /* Release */ = {
			isa = XCBuildConfiguration;
			buildSettings = {
				ASSETCATALOG_COMPILER_APPICON_NAME = AppIcon;
				ASSETCATALOG_COMPILER_GLOBAL_ACCENT_COLOR_NAME = AccentColor;
				CODE_SIGN_STYLE = Automatic;
				CURRENT_PROJECT_VERSION = 1;
				DEVELOPMENT_ASSET_PATHS = "\"RebuildSpotifyUI/Preview Content\"";
				DEVELOPMENT_TEAM = 3SHX8BTP8F;
				ENABLE_PREVIEWS = YES;
				GENERATE_INFOPLIST_FILE = YES;
				INFOPLIST_KEY_UIApplicationSceneManifest_Generation = YES;
				INFOPLIST_KEY_UIApplicationSupportsIndirectInputEvents = YES;
				INFOPLIST_KEY_UILaunchScreen_Generation = YES;
				INFOPLIST_KEY_UISupportedInterfaceOrientations_iPad = "UIInterfaceOrientationPortrait UIInterfaceOrientationPortraitUpsideDown UIInterfaceOrientationLandscapeLeft UIInterfaceOrientationLandscapeRight";
				INFOPLIST_KEY_UISupportedInterfaceOrientations_iPhone = "UIInterfaceOrientationPortrait UIInterfaceOrientationLandscapeLeft UIInterfaceOrientationLandscapeRight";
				IPHONEOS_DEPLOYMENT_TARGET = 17.0;
				LD_RUNPATH_SEARCH_PATHS = (
					"$(inherited)",
					"@executable_path/Frameworks",
				);
				MARKETING_VERSION = 1.0;
				PRODUCT_BUNDLE_IDENTIFIER = com.chinhng.RebuildSpotifyUI;
				PRODUCT_NAME = "$(TARGET_NAME)";
				SWIFT_EMIT_LOC_STRINGS = YES;
				SWIFT_VERSION = 5.0;
				TARGETED_DEVICE_FAMILY = "1,2";
			};
			name = Release;
		};
/* End XCBuildConfiguration section */

/* Begin XCConfigurationList section */
		34709CF12BD1702200A6062A /* Build configuration list for PBXProject "RebuildSpotifyUI" */ = {
			isa = XCConfigurationList;
			buildConfigurations = (
				34709D022BD1702300A6062A /* Debug */,
				34709D032BD1702300A6062A /* Release */,
			);
			defaultConfigurationIsVisible = 0;
			defaultConfigurationName = Release;
		};
		34709D042BD1702300A6062A /* Build configuration list for PBXNativeTarget "RebuildSpotifyUI" */ = {
			isa = XCConfigurationList;
			buildConfigurations = (
				34709D052BD1702300A6062A /* Debug */,
				34709D062BD1702300A6062A /* Release */,
			);
			defaultConfigurationIsVisible = 0;
			defaultConfigurationName = Release;
		};
/* End XCConfigurationList section */

/* Begin XCRemoteSwiftPackageReference section */
		34FB29DB2BD171B800147E6E /* XCRemoteSwiftPackageReference "SDWebImageSwiftUI" */ = {
			isa = XCRemoteSwiftPackageReference;
			repositoryURL = "https://github.com/SDWebImage/SDWebImageSwiftUI.git";
			requirement = {
				kind = upToNextMajorVersion;
				minimumVersion = 3.0.2;
			};
		};
		34FB29E92BD17CBF00147E6E /* XCRemoteSwiftPackageReference "SwiftfulUI" */ = {
			isa = XCRemoteSwiftPackageReference;
			repositoryURL = "https://github.com/SwiftfulThinking/SwiftfulUI";
			requirement = {
				kind = upToNextMajorVersion;
				minimumVersion = 1.2.0;
			};
		};
		34FB29EC2BD17CFC00147E6E /* XCRemoteSwiftPackageReference "SwiftfulRouting" */ = {
			isa = XCRemoteSwiftPackageReference;
			repositoryURL = "https://github.com/SwiftfulThinking/SwiftfulRouting";
			requirement = {
				kind = upToNextMajorVersion;
				minimumVersion = 5.3.2;
			};
		};
/* End XCRemoteSwiftPackageReference section */

/* Begin XCSwiftPackageProductDependency section */
		34FB29DC2BD171B800147E6E /* SDWebImageSwiftUI */ = {
			isa = XCSwiftPackageProductDependency;
			package = 34FB29DB2BD171B800147E6E /* XCRemoteSwiftPackageReference "SDWebImageSwiftUI" */;
			productName = SDWebImageSwiftUI;
		};
		34FB29EA2BD17CBF00147E6E /* SwiftfulUI */ = {
			isa = XCSwiftPackageProductDependency;
			package = 34FB29E92BD17CBF00147E6E /* XCRemoteSwiftPackageReference "SwiftfulUI" */;
			productName = SwiftfulUI;
		};
		34FB29ED2BD17CFC00147E6E /* SwiftfulRouting */ = {
			isa = XCSwiftPackageProductDependency;
			package = 34FB29EC2BD17CFC00147E6E /* XCRemoteSwiftPackageReference "SwiftfulRouting" */;
			productName = SwiftfulRouting;
		};
/* End XCSwiftPackageProductDependency section */
	};
	rootObject = 34709CEE2BD1702200A6062A /* Project object */;
}
